
Microsoft Visual Studio Solution File, Format Version 12.00
# Visual Studio 14
VisualStudioVersion = 14.0.25420.1
MinimumVisualStudioVersion = 10.0.40219.1
Project("{FAE04EC0-301F-11D3-BF4B-00C04F79EFBC}") = "CoordGrab", "CoordGrab\CoordGrab.csproj", "{8097A473-9297-4D4C-AC9D-12F392593BC4}"
EndProject
Project("{FAE04EC0-301F-11D3-BF4B-00C04F79EFBC}") = "WpfApplication1", "WpfApplication1\WpfApplication1.csproj", "{6B29D23B-E908-4F99-B8E1-DD1398707137}"
EndProject
Project("{FAE04EC0-301F-11D3-BF4B-00C04F79EFBC}") = "InterpApp", "..\Interpolator\InterpSolution\InterpApp\InterpApp.csproj", "{5C93BCEB-59BC-4510-823E-8860581B1332}"
EndProject
Project("{FAE04EC0-301F-11D3-BF4B-00C04F79EFBC}") = "CoordGrabTests", "CoordGrabTests\CoordGrabTests.csproj", "{887214AC-73FE-4A85-84DE-1CC8AA464DC7}"
EndProject
Project("{FAE04EC0-301F-11D3-BF4B-00C04F79EFBC}") = "AeroApp", "..\Interpolator\InterpSolution\AeroApp\AeroApp.csproj", "{08247CC2-AA89-43BA-A7B1-C1311F7A52CB}"
EndProject
Project("{FAE04EC0-301F-11D3-BF4B-00C04F79EFBC}") = "AeroAppTests", "..\Interpolator\InterpSolution\AeroAppTests\AeroAppTests.csproj", "{8B0434E6-FF1D-40D4-9436-1BF7CED18E77}"
EndProject
Project("{FAE04EC0-301F-11D3-BF4B-00C04F79EFBC}") = "GraphsFromExcel", "..\Interpolator\InterpSolution\GraphsFromExcel\GraphsFromExcel.csproj", "{FA09FB66-6E24-4CBB-BA96-68AF848896D5}"
EndProject
Project("{FAE04EC0-301F-11D3-BF4B-00C04F79EFBC}") = "Zadacha", "Zadacha\Zadacha.csproj", "{66E471E5-2B16-42AF-87AB-C58770AA65AA}"
EndProject
Project("{FAE04EC0-301F-11D3-BF4B-00C04F79EFBC}") = "Zadacha1", "Zadacha1\Zadacha1.csproj", "{D363232A-AF8F-4FF8-916F-7316F13DD355}"
EndProject
Project("{FAE04EC0-301F-11D3-BF4B-00C04F79EFBC}") = "Zadacha2", "Zadacha2\Zadacha2.csproj", "{3117C837-5545-49C2-9CAB-9445F832F5FF}"
EndProject
Project("{FAE04EC0-301F-11D3-BF4B-00C04F79EFBC}") = "Zadacha3", "Zadacha3\Zadacha3.csproj", "{91CD64A4-4529-4545-B58C-B50C2DAB67F2}"
EndProject
Project("{FAE04EC0-301F-11D3-BF4B-00C04F79EFBC}") = "Zadacha4", "Zadacha4\Zadacha4.csproj", "{64FCC390-D001-43FF-9183-C85C36EDEAF5}"
EndProject
Project("{FAE04EC0-301F-11D3-BF4B-00C04F79EFBC}") = "Zadacha5", "Zadacha5\Zadacha5.csproj", "{84B7574D-0638-4B91-B2CC-3B82BA2034FF}"
EndProject
Global
	GlobalSection(SolutionConfigurationPlatforms) = preSolution
		Debug|Any CPU = Debug|Any CPU
		Debug|x86 = Debug|x86
		Release|Any CPU = Release|Any CPU
		Release|x86 = Release|x86
	EndGlobalSection
	GlobalSection(ProjectConfigurationPlatforms) = postSolution
		{8097A473-9297-4D4C-AC9D-12F392593BC4}.Debug|Any CPU.ActiveCfg = Debug|Any CPU
		{8097A473-9297-4D4C-AC9D-12F392593BC4}.Debug|Any CPU.Build.0 = Debug|Any CPU
		{8097A473-9297-4D4C-AC9D-12F392593BC4}.Debug|x86.ActiveCfg = Debug|Any CPU
		{8097A473-9297-4D4C-AC9D-12F392593BC4}.Debug|x86.Build.0 = Debug|Any CPU
		{8097A473-9297-4D4C-AC9D-12F392593BC4}.Release|Any CPU.ActiveCfg = Release|Any CPU
		{8097A473-9297-4D4C-AC9D-12F392593BC4}.Release|Any CPU.Build.0 = Release|Any CPU
		{8097A473-9297-4D4C-AC9D-12F392593BC4}.Release|x86.ActiveCfg = Release|Any CPU
		{8097A473-9297-4D4C-AC9D-12F392593BC4}.Release|x86.Build.0 = Release|Any CPU
		{6B29D23B-E908-4F99-B8E1-DD1398707137}.Debug|Any CPU.ActiveCfg = Debug|Any CPU
		{6B29D23B-E908-4F99-B8E1-DD1398707137}.Debug|Any CPU.Build.0 = Debug|Any CPU
		{6B29D23B-E908-4F99-B8E1-DD1398707137}.Debug|x86.ActiveCfg = Debug|x86
		{6B29D23B-E908-4F99-B8E1-DD1398707137}.Debug|x86.Build.0 = Debug|x86
		{6B29D23B-E908-4F99-B8E1-DD1398707137}.Release|Any CPU.ActiveCfg = Release|Any CPU
		{6B29D23B-E908-4F99-B8E1-DD1398707137}.Release|Any CPU.Build.0 = Release|Any CPU
		{6B29D23B-E908-4F99-B8E1-DD1398707137}.Release|x86.ActiveCfg = Release|x86
		{6B29D23B-E908-4F99-B8E1-DD1398707137}.Release|x86.Build.0 = Release|x86
		{5C93BCEB-59BC-4510-823E-8860581B1332}.Debug|Any CPU.ActiveCfg = Debug|Any CPU
		{5C93BCEB-59BC-4510-823E-8860581B1332}.Debug|Any CPU.Build.0 = Debug|Any CPU
		{5C93BCEB-59BC-4510-823E-8860581B1332}.Debug|x86.ActiveCfg = Debug|x86
		{5C93BCEB-59BC-4510-823E-8860581B1332}.Debug|x86.Build.0 = Debug|x86
		{5C93BCEB-59BC-4510-823E-8860581B1332}.Release|Any CPU.ActiveCfg = Release|Any CPU
		{5C93BCEB-59BC-4510-823E-8860581B1332}.Release|Any CPU.Build.0 = Release|Any CPU
		{5C93BCEB-59BC-4510-823E-8860581B1332}.Release|x86.ActiveCfg = Release|x86
		{5C93BCEB-59BC-4510-823E-8860581B1332}.Release|x86.Build.0 = Release|x86
		{887214AC-73FE-4A85-84DE-1CC8AA464DC7}.Debug|Any CPU.ActiveCfg = Debug|Any CPU
		{887214AC-73FE-4A85-84DE-1CC8AA464DC7}.Debug|Any CPU.Build.0 = Debug|Any CPU
		{887214AC-73FE-4A85-84DE-1CC8AA464DC7}.Debug|x86.ActiveCfg = Debug|Any CPU
		{887214AC-73FE-4A85-84DE-1CC8AA464DC7}.Debug|x86.Build.0 = Debug|Any CPU
		{887214AC-73FE-4A85-84DE-1CC8AA464DC7}.Release|Any CPU.ActiveCfg = Release|Any CPU
		{887214AC-73FE-4A85-84DE-1CC8AA464DC7}.Release|Any CPU.Build.0 = Release|Any CPU
		{887214AC-73FE-4A85-84DE-1CC8AA464DC7}.Release|x86.ActiveCfg = Release|Any CPU
		{887214AC-73FE-4A85-84DE-1CC8AA464DC7}.Release|x86.Build.0 = Release|Any CPU
		{08247CC2-AA89-43BA-A7B1-C1311F7A52CB}.Debug|Any CPU.ActiveCfg = Debug|Any CPU
		{08247CC2-AA89-43BA-A7B1-C1311F7A52CB}.Debug|Any CPU.Build.0 = Debug|Any CPU
		{08247CC2-AA89-43BA-A7B1-C1311F7A52CB}.Debug|x86.ActiveCfg = Debug|x86
		{08247CC2-AA89-43BA-A7B1-C1311F7A52CB}.Debug|x86.Build.0 = Debug|x86
		{08247CC2-AA89-43BA-A7B1-C1311F7A52CB}.Release|Any CPU.ActiveCfg = Release|Any CPU
		{08247CC2-AA89-43BA-A7B1-C1311F7A52CB}.Release|Any CPU.Build.0 = Release|Any CPU
		{08247CC2-AA89-43BA-A7B1-C1311F7A52CB}.Release|x86.ActiveCfg = Release|x86
		{08247CC2-AA89-43BA-A7B1-C1311F7A52CB}.Release|x86.Build.0 = Release|x86
		{8B0434E6-FF1D-40D4-9436-1BF7CED18E77}.Debug|Any CPU.ActiveCfg = Debug|Any CPU
		{8B0434E6-FF1D-40D4-9436-1BF7CED18E77}.Debug|Any CPU.Build.0 = Debug|Any CPU
		{8B0434E6-FF1D-40D4-9436-1BF7CED18E77}.Debug|x86.ActiveCfg = Debug|x86
		{8B0434E6-FF1D-40D4-9436-1BF7CED18E77}.Debug|x86.Build.0 = Debug|x86
		{8B0434E6-FF1D-40D4-9436-1BF7CED18E77}.Release|Any CPU.ActiveCfg = Release|Any CPU
		{8B0434E6-FF1D-40D4-9436-1BF7CED18E77}.Release|Any CPU.Build.0 = Release|Any CPU
		{8B0434E6-FF1D-40D4-9436-1BF7CED18E77}.Release|x86.ActiveCfg = Release|x86
		{8B0434E6-FF1D-40D4-9436-1BF7CED18E77}.Release|x86.Build.0 = Release|x86
		{FA09FB66-6E24-4CBB-BA96-68AF848896D5}.Debug|Any CPU.ActiveCfg = Debug|Any CPU
		{FA09FB66-6E24-4CBB-BA96-68AF848896D5}.Debug|Any CPU.Build.0 = Debug|Any CPU
		{FA09FB66-6E24-4CBB-BA96-68AF848896D5}.Debug|x86.ActiveCfg = Debug|x86
		{FA09FB66-6E24-4CBB-BA96-68AF848896D5}.Debug|x86.Build.0 = Debug|x86
		{FA09FB66-6E24-4CBB-BA96-68AF848896D5}.Release|Any CPU.ActiveCfg = Release|Any CPU
		{FA09FB66-6E24-4CBB-BA96-68AF848896D5}.Release|Any CPU.Build.0 = Release|Any CPU
		{FA09FB66-6E24-4CBB-BA96-68AF848896D5}.Release|x86.ActiveCfg = Release|x86
		{FA09FB66-6E24-4CBB-BA96-68AF848896D5}.Release|x86.Build.0 = Release|x86
		{66E471E5-2B16-42AF-87AB-C58770AA65AA}.Debug|Any CPU.ActiveCfg = Debug|Any CPU
		{66E471E5-2B16-42AF-87AB-C58770AA65AA}.Debug|Any CPU.Build.0 = Debug|Any CPU
		{66E471E5-2B16-42AF-87AB-C58770AA65AA}.Debug|x86.ActiveCfg = Debug|Any CPU
		{66E471E5-2B16-42AF-87AB-C58770AA65AA}.Debug|x86.Build.0 = Debug|Any CPU
		{66E471E5-2B16-42AF-87AB-C58770AA65AA}.Release|Any CPU.ActiveCfg = Release|Any CPU
		{66E471E5-2B16-42AF-87AB-C58770AA65AA}.Release|Any CPU.Build.0 = Release|Any CPU
		{66E471E5-2B16-42AF-87AB-C58770AA65AA}.Release|x86.ActiveCfg = Release|Any CPU
		{66E471E5-2B16-42AF-87AB-C58770AA65AA}.Release|x86.Build.0 = Release|Any CPU
		{D363232A-AF8F-4FF8-916F-7316F13DD355}.Debug|Any CPU.ActiveCfg = Debug|Any CPU
		{D363232A-AF8F-4FF8-916F-7316F13DD355}.Debug|Any CPU.Build.0 = Debug|Any CPU
		{D363232A-AF8F-4FF8-916F-7316F13DD355}.Debug|x86.ActiveCfg = Debug|Any CPU
		{D363232A-AF8F-4FF8-916F-7316F13DD355}.Debug|x86.Build.0 = Debug|Any CPU
		{D363232A-AF8F-4FF8-916F-7316F13DD355}.Release|Any CPU.ActiveCfg = Release|Any CPU
		{D363232A-AF8F-4FF8-916F-7316F13DD355}.Release|Any CPU.Build.0 = Release|Any CPU
		{D363232A-AF8F-4FF8-916F-7316F13DD355}.Release|x86.ActiveCfg = Release|Any CPU
		{D363232A-AF8F-4FF8-916F-7316F13DD355}.Release|x86.Build.0 = Release|Any CPU
		{3117C837-5545-49C2-9CAB-9445F832F5FF}.Debug|Any CPU.ActiveCfg = Debug|Any CPU
		{3117C837-5545-49C2-9CAB-9445F832F5FF}.Debug|Any CPU.Build.0 = Debug|Any CPU
		{3117C837-5545-49C2-9CAB-9445F832F5FF}.Debug|x86.ActiveCfg = Debug|Any CPU
		{3117C837-5545-49C2-9CAB-9445F832F5FF}.Debug|x86.Build.0 = Debug|Any CPU
		{3117C837-5545-49C2-9CAB-9445F832F5FF}.Release|Any CPU.ActiveCfg = Release|Any CPU
		{3117C837-5545-49C2-9CAB-9445F832F5FF}.Release|Any CPU.Build.0 = Release|Any CPU
		{3117C837-5545-49C2-9CAB-9445F832F5FF}.Release|x86.ActiveCfg = Release|Any CPU
		{3117C837-5545-49C2-9CAB-9445F832F5FF}.Release|x86.Build.0 = Release|Any CPU
		{91CD64A4-4529-4545-B58C-B50C2DAB67F2}.Debug|Any CPU.ActiveCfg = Debug|Any CPU
		{91CD64A4-4529-4545-B58C-B50C2DAB67F2}.Debug|Any CPU.Build.0 = Debug|Any CPU
		{91CD64A4-4529-4545-B58C-B50C2DAB67F2}.Debug|x86.ActiveCfg = Debug|Any CPU
		{91CD64A4-4529-4545-B58C-B50C2DAB67F2}.Debug|x86.Build.0 = Debug|Any CPU
		{91CD64A4-4529-4545-B58C-B50C2DAB67F2}.Release|Any CPU.ActiveCfg = Release|Any CPU
		{91CD64A4-4529-4545-B58C-B50C2DAB67F2}.Release|Any CPU.Build.0 = Release|Any CPU
		{91CD64A4-4529-4545-B58C-B50C2DAB67F2}.Release|x86.ActiveCfg = Release|Any CPU
		{91CD64A4-4529-4545-B58C-B50C2DAB67F2}.Release|x86.Build.0 = Release|Any CPU
		{64FCC390-D001-43FF-9183-C85C36EDEAF5}.Debug|Any CPU.ActiveCfg = Debug|Any CPU
		{64FCC390-D001-43FF-9183-C85C36EDEAF5}.Debug|Any CPU.Build.0 = Debug|Any CPU
		{64FCC390-D001-43FF-9183-C85C36EDEAF5}.Debug|x86.ActiveCfg = Debug|Any CPU
		{64FCC390-D001-43FF-9183-C85C36EDEAF5}.Debug|x86.Build.0 = Debug|Any CPU
		{64FCC390-D001-43FF-9183-C85C36EDEAF5}.Release|Any CPU.ActiveCfg = Release|Any CPU
		{64FCC390-D001-43FF-9183-C85C36EDEAF5}.Release|Any CPU.Build.0 = Release|Any CPU
		{64FCC390-D001-43FF-9183-C85C36EDEAF5}.Release|x86.ActiveCfg = Release|Any CPU
		{64FCC390-D001-43FF-9183-C85C36EDEAF5}.Release|x86.Build.0 = Release|Any CPU
		{84B7574D-0638-4B91-B2CC-3B82BA2034FF}.Debug|Any CPU.ActiveCfg = Debug|Any CPU
		{84B7574D-0638-4B91-B2CC-3B82BA2034FF}.Debug|Any CPU.Build.0 = Debug|Any CPU
		{84B7574D-0638-4B91-B2CC-3B82BA2034FF}.Debug|x86.ActiveCfg = Debug|Any CPU
		{84B7574D-0638-4B91-B2CC-3B82BA2034FF}.Debug|x86.Build.0 = Debug|Any CPU
		{84B7574D-0638-4B91-B2CC-3B82BA2034FF}.Release|Any CPU.ActiveCfg = Release|Any CPU
		{84B7574D-0638-4B91-B2CC-3B82BA2034FF}.Release|Any CPU.Build.0 = Release|Any CPU
		{84B7574D-0638-4B91-B2CC-3B82BA2034FF}.Release|x86.ActiveCfg = Release|Any CPU
		{84B7574D-0638-4B91-B2CC-3B82BA2034FF}.Release|x86.Build.0 = Release|Any CPU
	EndGlobalSection
	GlobalSection(SolutionProperties) = preSolution
		HideSolutionNode = FALSE
	EndGlobalSection
EndGlobal
